
Microsoft Visual Studio Solution File, Format Version 12.00
# Visual Studio Version 17
VisualStudioVersion = 17.0.32014.148
MinimumVisualStudioVersion = 10.0.40219.1
Project("{FAE04EC0-301F-11D3-BF4B-00C04F79EFBC}") = "ProjetoAula03", "ProjetoAula03\ProjetoAula03.csproj", "{F15C2121-044D-4706-BA72-5D046D076C8C}"
EndProject
Project("{2150E333-8FDC-42A3-9474-1A3956D46DE8}") = "Solution Items", "Solution Items", "{D1AB1F7F-F2BE-4E90-ACB0-B2B64F18D0DD}"
	ProjectSection(SolutionItems) = preProject
		.editorconfig = .editorconfig
	EndProjectSection
EndProject
Global
	GlobalSection(SolutionConfigurationPlatforms) = preSolution
		Debug|Any CPU = Debug|Any CPU
		Release|Any CPU = Release|Any CPU
	EndGlobalSection
	GlobalSection(ProjectConfigurationPlatforms) = postSolution
		{F15C2121-044D-4706-BA72-5D046D076C8C}.Debug|Any CPU.ActiveCfg = Debug|Any CPU
		{F15C2121-044D-4706-BA72-5D046D076C8C}.Debug|Any CPU.Build.0 = Debug|Any CPU
		{F15C2121-044D-4706-BA72-5D046D076C8C}.Release|Any CPU.ActiveCfg = Release|Any CPU
		{F15C2121-044D-4706-BA72-5D046D076C8C}.Release|Any CPU.Build.0 = Release|Any CPU
	EndGlobalSection
	GlobalSection(SolutionProperties) = preSolution
		HideSolutionNode = FALSE
	EndGlobalSection
	GlobalSection(ExtensibilityGlobals) = postSolution
		SolutionGuid = {83190FFF-7A7D-4483-80A2-6CEEE1AA0DB6}
	EndGlobalSection
EndGlobal
